
Microsoft Visual Studio Solution File, Format Version 12.00
# Visual Studio Version 17
VisualStudioVersion = 17.3.32929.385
MinimumVisualStudioVersion = 10.0.40219.1
Project("{FAE04EC0-301F-11D3-BF4B-00C04F79EFBC}") = "MaterialEscolar", "MaterialEscolar\MaterialEscolar.csproj", "{3464595B-44A8-478E-971C-1751D882DB42}"
EndProject
Project("{FAE04EC0-301F-11D3-BF4B-00C04F79EFBC}") = "Models", "Models\Models.csproj", "{A97CBBE3-0487-46C3-A3E3-452D810FA477}"
EndProject
Global
	GlobalSection(SolutionConfigurationPlatforms) = preSolution
		Debug|Any CPU = Debug|Any CPU
		Release|Any CPU = Release|Any CPU
	EndGlobalSection
	GlobalSection(ProjectConfigurationPlatforms) = postSolution
		{3464595B-44A8-478E-971C-1751D882DB42}.Debug|Any CPU.ActiveCfg = Debug|Any CPU
		{3464595B-44A8-478E-971C-1751D882DB42}.Debug|Any CPU.Build.0 = Debug|Any CPU
		{3464595B-44A8-478E-971C-1751D882DB42}.Release|Any CPU.ActiveCfg = Release|Any CPU
		{3464595B-44A8-478E-971C-1751D882DB42}.Release|Any CPU.Build.0 = Release|Any CPU
		{A97CBBE3-0487-46C3-A3E3-452D810FA477}.Debug|Any CPU.ActiveCfg = Debug|Any CPU
		{A97CBBE3-0487-46C3-A3E3-452D810FA477}.Debug|Any CPU.Build.0 = Debug|Any CPU
		{A97CBBE3-0487-46C3-A3E3-452D810FA477}.Release|Any CPU.ActiveCfg = Release|Any CPU
		{A97CBBE3-0487-46C3-A3E3-452D810FA477}.Release|Any CPU.Build.0 = Release|Any CPU
	EndGlobalSection
	GlobalSection(SolutionProperties) = preSolution
		HideSolutionNode = FALSE
	EndGlobalSection
	GlobalSection(ExtensibilityGlobals) = postSolution
		SolutionGuid = {931AF2FB-A6E0-4E81-96DB-AC289EE144A4}
	EndGlobalSection
EndGlobal
